
Microsoft Visual Studio Solution File, Format Version 12.00
# Visual Studio Version 17
VisualStudioVersion = 17.9.34728.123
MinimumVisualStudioVersion = 10.0.40219.1
Project("{FAE04EC0-301F-11D3-BF4B-00C04F79EFBC}") = "ApiCatalogo", "ApiCatalogo.csproj", "{E114D9E3-E84B-47DE-AF24-B66C4F8435B1}"
EndProject
Global
	GlobalSection(SolutionConfigurationPlatforms) = preSolution
		Debug|Any CPU = Debug|Any CPU
		Release|Any CPU = Release|Any CPU
	EndGlobalSection
	GlobalSection(ProjectConfigurationPlatforms) = postSolution
		{E114D9E3-E84B-47DE-AF24-B66C4F8435B1}.Debug|Any CPU.ActiveCfg = Debug|Any CPU
		{E114D9E3-E84B-47DE-AF24-B66C4F8435B1}.Debug|Any CPU.Build.0 = Debug|Any CPU
		{E114D9E3-E84B-47DE-AF24-B66C4F8435B1}.Release|Any CPU.ActiveCfg = Release|Any CPU
		{E114D9E3-E84B-47DE-AF24-B66C4F8435B1}.Release|Any CPU.Build.0 = Release|Any CPU
	EndGlobalSection
	GlobalSection(SolutionProperties) = preSolution
		HideSolutionNode = FALSE
	EndGlobalSection
	GlobalSection(ExtensibilityGlobals) = postSolution
		SolutionGuid = {309310AB-A685-4CBB-98AF-34F235A508EB}
	EndGlobalSection
EndGlobal
